
Microsoft Visual Studio Solution File, Format Version 12.00
# Visual Studio Version 17
VisualStudioVersion = 17.7.34031.279
MinimumVisualStudioVersion = 10.0.40219.1
Project("{9A19103F-16F7-4668-BE54-9A1E7A4F7556}") = "ApotheekApp", "ApotheekApp\ApotheekApp.csproj", "{457468D4-EE68-492B-AC75-35E165A70DB5}"
EndProject
Project("{9A19103F-16F7-4668-BE54-9A1E7A4F7556}") = "ApotheekApp.Business", "Business\ApotheekApp.Business.csproj", "{1C48A9B3-36AC-4FD3-B468-934090A9C793}"
EndProject
Project("{9A19103F-16F7-4668-BE54-9A1E7A4F7556}") = "ApotheekApp.Domain", "Domain\ApotheekApp.Domain.csproj", "{99D91AFD-AB0D-49D3-A76B-21B9737EAFDB}"
EndProject
Project("{9A19103F-16F7-4668-BE54-9A1E7A4F7556}") = "ApotheekApp.Api", "ApotheekApp.Api\ApotheekApp.Api.csproj", "{CA5CBD3E-56ED-4D44-84F0-E7218B5452F3}"
EndProject
Project("{9A19103F-16F7-4668-BE54-9A1E7A4F7556}") = "ApotheekApp.Data", "ApotheekApp.Data\ApotheekApp.Data.csproj", "{FB72198A-2D8F-40D2-A7A1-6A00D8B2D7F1}"
EndProject
Project("{9A19103F-16F7-4668-BE54-9A1E7A4F7556}") = "ApotheekApp.Tests", "Tests\ApotheekApp.Tests.csproj", "{D7DA6902-CD19-4843-9196-E074D0E4678D}"
EndProject
Project("{2150E333-8FDC-42A3-9474-1A3956D46DE8}") = "Solution Items", "Solution Items", "{4AAA86E4-1528-4715-A0C0-00349FF20737}"
	ProjectSection(SolutionItems) = preProject
		appsettings.json = appsettings.json
	EndProjectSection
EndProject
Global
	GlobalSection(SolutionConfigurationPlatforms) = preSolution
		Debug|Any CPU = Debug|Any CPU
		Release|Any CPU = Release|Any CPU
	EndGlobalSection
	GlobalSection(ProjectConfigurationPlatforms) = postSolution
		{457468D4-EE68-492B-AC75-35E165A70DB5}.Debug|Any CPU.ActiveCfg = Debug|Any CPU
		{457468D4-EE68-492B-AC75-35E165A70DB5}.Debug|Any CPU.Build.0 = Debug|Any CPU
		{457468D4-EE68-492B-AC75-35E165A70DB5}.Release|Any CPU.ActiveCfg = Release|Any CPU
		{457468D4-EE68-492B-AC75-35E165A70DB5}.Release|Any CPU.Build.0 = Release|Any CPU
		{1C48A9B3-36AC-4FD3-B468-934090A9C793}.Debug|Any CPU.ActiveCfg = Debug|Any CPU
		{1C48A9B3-36AC-4FD3-B468-934090A9C793}.Debug|Any CPU.Build.0 = Debug|Any CPU
		{1C48A9B3-36AC-4FD3-B468-934090A9C793}.Release|Any CPU.ActiveCfg = Release|Any CPU
		{1C48A9B3-36AC-4FD3-B468-934090A9C793}.Release|Any CPU.Build.0 = Release|Any CPU
		{99D91AFD-AB0D-49D3-A76B-21B9737EAFDB}.Debug|Any CPU.ActiveCfg = Debug|Any CPU
		{99D91AFD-AB0D-49D3-A76B-21B9737EAFDB}.Debug|Any CPU.Build.0 = Debug|Any CPU
		{99D91AFD-AB0D-49D3-A76B-21B9737EAFDB}.Release|Any CPU.ActiveCfg = Release|Any CPU
		{99D91AFD-AB0D-49D3-A76B-21B9737EAFDB}.Release|Any CPU.Build.0 = Release|Any CPU
		{CA5CBD3E-56ED-4D44-84F0-E7218B5452F3}.Debug|Any CPU.ActiveCfg = Debug|Any CPU
		{CA5CBD3E-56ED-4D44-84F0-E7218B5452F3}.Debug|Any CPU.Build.0 = Debug|Any CPU
		{CA5CBD3E-56ED-4D44-84F0-E7218B5452F3}.Release|Any CPU.ActiveCfg = Release|Any CPU
		{CA5CBD3E-56ED-4D44-84F0-E7218B5452F3}.Release|Any CPU.Build.0 = Release|Any CPU
		{FB72198A-2D8F-40D2-A7A1-6A00D8B2D7F1}.Debug|Any CPU.ActiveCfg = Debug|Any CPU
		{FB72198A-2D8F-40D2-A7A1-6A00D8B2D7F1}.Debug|Any CPU.Build.0 = Debug|Any CPU
		{FB72198A-2D8F-40D2-A7A1-6A00D8B2D7F1}.Release|Any CPU.ActiveCfg = Release|Any CPU
		{FB72198A-2D8F-40D2-A7A1-6A00D8B2D7F1}.Release|Any CPU.Build.0 = Release|Any CPU
		{D7DA6902-CD19-4843-9196-E074D0E4678D}.Debug|Any CPU.ActiveCfg = Debug|Any CPU
		{D7DA6902-CD19-4843-9196-E074D0E4678D}.Debug|Any CPU.Build.0 = Debug|Any CPU
		{D7DA6902-CD19-4843-9196-E074D0E4678D}.Release|Any CPU.ActiveCfg = Release|Any CPU
		{D7DA6902-CD19-4843-9196-E074D0E4678D}.Release|Any CPU.Build.0 = Release|Any CPU
	EndGlobalSection
	GlobalSection(SolutionProperties) = preSolution
		HideSolutionNode = FALSE
	EndGlobalSection
	GlobalSection(ExtensibilityGlobals) = postSolution
		SolutionGuid = {0C442097-C407-4622-84FC-12646BD5D3B1}
	EndGlobalSection
EndGlobal
